// !$*UTF8*$!
{
	archiveVersion = 1;
	classes = {
	};
	objectVersion = 52;
	objects = {

/* Begin PBXBuildFile section */
		ED44B51025C311AB002DC52D /* MyMoneyApp.swift in Sources */ = {isa = PBXBuildFile; fileRef = ED44B50F25C311AB002DC52D /* MyMoneyApp.swift */; };
		ED44B51225C311AB002DC52D /* ContentView.swift in Sources */ = {isa = PBXBuildFile; fileRef = ED44B51125C311AB002DC52D /* ContentView.swift */; };
		ED44B51425C311AE002DC52D /* Assets.xcassets in Resources */ = {isa = PBXBuildFile; fileRef = ED44B51325C311AE002DC52D /* Assets.xcassets */; };
		ED44B51725C311AE002DC52D /* Preview Assets.xcassets in Resources */ = {isa = PBXBuildFile; fileRef = ED44B51625C311AE002DC52D /* Preview Assets.xcassets */; };
		EDD14A4925C461C800E19788 /* InformationBlocks.swift in Sources */ = {isa = PBXBuildFile; fileRef = EDD14A4825C461C800E19788 /* InformationBlocks.swift */; };
		EDD14A4C25C46AEF00E19788 /* LatestTransactions.swift in Sources */ = {isa = PBXBuildFile; fileRef = EDD14A4B25C46AEF00E19788 /* LatestTransactions.swift */; };
		EDD14A5325C475AC00E19788 /* NewCardSheet.swift in Sources */ = {isa = PBXBuildFile; fileRef = EDD14A5225C475AC00E19788 /* NewCardSheet.swift */; };
		EDD14A5625C4959800E19788 /* NewTransactionSheet.swift in Sources */ = {isa = PBXBuildFile; fileRef = EDD14A5525C4959800E19788 /* NewTransactionSheet.swift */; };
		EDD14A5B25C739C600E19788 /* grafico.swift in Sources */ = {isa = PBXBuildFile; fileRef = EDD14A5A25C739C600E19788 /* grafico.swift */; };
		EDD14A5F25C73A9100E19788 /* SwiftUICharts in Frameworks */ = {isa = PBXBuildFile; productRef = EDD14A5E25C73A9100E19788 /* SwiftUICharts */; };
		EDD14A6225C7449400E19788 /* gr.swift in Sources */ = {isa = PBXBuildFile; fileRef = EDD14A6125C7449400E19788 /* gr.swift */; };
		EDD14A6525C748C700E19788 /* ma.swift in Sources */ = {isa = PBXBuildFile; fileRef = EDD14A6425C748C700E19788 /* ma.swift */; };
		EDD14A6825C860E300E19788 /* InfoGraphs.swift in Sources */ = {isa = PBXBuildFile; fileRef = EDD14A6725C860E200E19788 /* InfoGraphs.swift */; };
		EDF622AF25C3139B0023CAF7 /* Controls.swift in Sources */ = {isa = PBXBuildFile; fileRef = EDF622AE25C3139B0023CAF7 /* Controls.swift */; };
		EDF622B225C3147D0023CAF7 /* Wallet1_Obs.swift in Sources */ = {isa = PBXBuildFile; fileRef = EDF622B125C3147D0023CAF7 /* Wallet1_Obs.swift */; };
		EDF622B525C315620023CAF7 /* Cards.swift in Sources */ = {isa = PBXBuildFile; fileRef = EDF622B425C315620023CAF7 /* Cards.swift */; };
		EDF622B825C317200023CAF7 /* SheetAddCard.swift in Sources */ = {isa = PBXBuildFile; fileRef = EDF622B725C317200023CAF7 /* SheetAddCard.swift */; };
		EDF622BB25C318A80023CAF7 /* MainPage.swift in Sources */ = {isa = PBXBuildFile; fileRef = EDF622BA25C318A80023CAF7 /* MainPage.swift */; };
		EDF622BE25C31F330023CAF7 /* Utils.swift in Sources */ = {isa = PBXBuildFile; fileRef = EDF622BD25C31F330023CAF7 /* Utils.swift */; };
		EDF622C225C341610023CAF7 /* prova.swift in Sources */ = {isa = PBXBuildFile; fileRef = EDF622C125C341610023CAF7 /* prova.swift */; };
/* End PBXBuildFile section */

/* Begin PBXFileReference section */
		ED44B50C25C311AB002DC52D /* MyMoney.app */ = {isa = PBXFileReference; explicitFileType = wrapper.application; includeInIndex = 0; path = MyMoney.app; sourceTree = BUILT_PRODUCTS_DIR; };
		ED44B50F25C311AB002DC52D /* MyMoneyApp.swift */ = {isa = PBXFileReference; lastKnownFileType = sourcecode.swift; path = MyMoneyApp.swift; sourceTree = "<group>"; };
		ED44B51125C311AB002DC52D /* ContentView.swift */ = {isa = PBXFileReference; lastKnownFileType = sourcecode.swift; path = ContentView.swift; sourceTree = "<group>"; };
		ED44B51325C311AE002DC52D /* Assets.xcassets */ = {isa = PBXFileReference; lastKnownFileType = folder.assetcatalog; path = Assets.xcassets; sourceTree = "<group>"; };
		ED44B51625C311AE002DC52D /* Preview Assets.xcassets */ = {isa = PBXFileReference; lastKnownFileType = folder.assetcatalog; path = "Preview Assets.xcassets"; sourceTree = "<group>"; };
		ED44B51825C311AE002DC52D /* Info.plist */ = {isa = PBXFileReference; lastKnownFileType = text.plist.xml; path = Info.plist; sourceTree = "<group>"; };
		EDD14A4825C461C800E19788 /* InformationBlocks.swift */ = {isa = PBXFileReference; lastKnownFileType = sourcecode.swift; path = InformationBlocks.swift; sourceTree = "<group>"; };
		EDD14A4B25C46AEF00E19788 /* LatestTransactions.swift */ = {isa = PBXFileReference; lastKnownFileType = sourcecode.swift; path = LatestTransactions.swift; sourceTree = "<group>"; };
		EDD14A5225C475AC00E19788 /* NewCardSheet.swift */ = {isa = PBXFileReference; lastKnownFileType = sourcecode.swift; path = NewCardSheet.swift; sourceTree = "<group>"; };
		EDD14A5525C4959800E19788 /* NewTransactionSheet.swift */ = {isa = PBXFileReference; lastKnownFileType = sourcecode.swift; path = NewTransactionSheet.swift; sourceTree = "<group>"; };
		EDD14A5A25C739C600E19788 /* grafico.swift */ = {isa = PBXFileReference; lastKnownFileType = sourcecode.swift; path = grafico.swift; sourceTree = "<group>"; };
		EDD14A6125C7449400E19788 /* gr.swift */ = {isa = PBXFileReference; lastKnownFileType = sourcecode.swift; path = gr.swift; sourceTree = "<group>"; };
		EDD14A6425C748C700E19788 /* ma.swift */ = {isa = PBXFileReference; lastKnownFileType = sourcecode.swift; path = ma.swift; sourceTree = "<group>"; };
		EDD14A6725C860E200E19788 /* InfoGraphs.swift */ = {isa = PBXFileReference; lastKnownFileType = sourcecode.swift; path = InfoGraphs.swift; sourceTree = "<group>"; };
		EDF622AE25C3139B0023CAF7 /* Controls.swift */ = {isa = PBXFileReference; lastKnownFileType = sourcecode.swift; path = Controls.swift; sourceTree = "<group>"; };
		EDF622B125C3147D0023CAF7 /* Wallet1_Obs.swift */ = {isa = PBXFileReference; lastKnownFileType = sourcecode.swift; path = Wallet1_Obs.swift; sourceTree = "<group>"; };
		EDF622B425C315620023CAF7 /* Cards.swift */ = {isa = PBXFileReference; lastKnownFileType = sourcecode.swift; path = Cards.swift; sourceTree = "<group>"; };
		EDF622B725C317200023CAF7 /* SheetAddCard.swift */ = {isa = PBXFileReference; lastKnownFileType = sourcecode.swift; path = SheetAddCard.swift; sourceTree = "<group>"; };
		EDF622BA25C318A80023CAF7 /* MainPage.swift */ = {isa = PBXFileReference; lastKnownFileType = sourcecode.swift; path = MainPage.swift; sourceTree = "<group>"; };
		EDF622BD25C31F330023CAF7 /* Utils.swift */ = {isa = PBXFileReference; lastKnownFileType = sourcecode.swift; path = Utils.swift; sourceTree = "<group>"; };
		EDF622C125C341610023CAF7 /* prova.swift */ = {isa = PBXFileReference; lastKnownFileType = sourcecode.swift; path = prova.swift; sourceTree = "<group>"; };
/* End PBXFileReference section */

/* Begin PBXFrameworksBuildPhase section */
		ED44B50925C311AB002DC52D /* Frameworks */ = {
			isa = PBXFrameworksBuildPhase;
			buildActionMask = 2147483647;
			files = (
				EDD14A5F25C73A9100E19788 /* SwiftUICharts in Frameworks */,
			);
			runOnlyForDeploymentPostprocessing = 0;
		};
/* End PBXFrameworksBuildPhase section */

/* Begin PBXGroup section */
		ED44B50325C311AB002DC52D = {
			isa = PBXGroup;
			children = (
				ED44B50E25C311AB002DC52D /* MyMoney */,
				ED44B50D25C311AB002DC52D /* Products */,
			);
			sourceTree = "<group>";
		};
		ED44B50D25C311AB002DC52D /* Products */ = {
			isa = PBXGroup;
			children = (
				ED44B50C25C311AB002DC52D /* MyMoney.app */,
			);
			name = Products;
			sourceTree = "<group>";
		};
		ED44B50E25C311AB002DC52D /* MyMoney */ = {
			isa = PBXGroup;
			children = (
				ED44B50F25C311AB002DC52D /* MyMoneyApp.swift */,
				EDF622AE25C3139B0023CAF7 /* Controls.swift */,
				ED44B51125C311AB002DC52D /* ContentView.swift */,
				EDD14A6725C860E200E19788 /* InfoGraphs.swift */,
				EDD14A4B25C46AEF00E19788 /* LatestTransactions.swift */,
				EDD14A4825C461C800E19788 /* InformationBlocks.swift */,
				EDF622BA25C318A80023CAF7 /* MainPage.swift */,
				EDD14A5225C475AC00E19788 /* NewCardSheet.swift */,
				EDF622BD25C31F330023CAF7 /* Utils.swift */,
				EDF622C125C341610023CAF7 /* prova.swift */,
				EDD14A6425C748C700E19788 /* ma.swift */,
				EDD14A6125C7449400E19788 /* gr.swift */,
				EDD14A5A25C739C600E19788 /* grafico.swift */,
				EDD14A5525C4959800E19788 /* NewTransactionSheet.swift */,
				EDF622B725C317200023CAF7 /* SheetAddCard.swift */,
				EDF622B425C315620023CAF7 /* Cards.swift */,
				EDF622B125C3147D0023CAF7 /* Wallet1_Obs.swift */,
				ED44B51325C311AE002DC52D /* Assets.xcassets */,
				ED44B51825C311AE002DC52D /* Info.plist */,
				ED44B51525C311AE002DC52D /* Preview Content */,
			);
			path = MyMoney;
			sourceTree = "<group>";
		};
		ED44B51525C311AE002DC52D /* Preview Content */ = {
			isa = PBXGroup;
			children = (
				ED44B51625C311AE002DC52D /* Preview Assets.xcassets */,
			);
			path = "Preview Content";
			sourceTree = "<group>";
		};
/* End PBXGroup section */

/* Begin PBXNativeTarget section */
		ED44B50B25C311AB002DC52D /* MyMoney */ = {
			isa = PBXNativeTarget;
			buildConfigurationList = ED44B51B25C311AE002DC52D /* Build configuration list for PBXNativeTarget "MyMoney" */;
			buildPhases = (
				ED44B50825C311AB002DC52D /* Sources */,
				ED44B50925C311AB002DC52D /* Frameworks */,
				ED44B50A25C311AB002DC52D /* Resources */,
			);
			buildRules = (
			);
			dependencies = (
			);
			name = MyMoney;
			packageProductDependencies = (
				EDD14A5E25C73A9100E19788 /* SwiftUICharts */,
			);
			productName = MyMoney;
			productReference = ED44B50C25C311AB002DC52D /* MyMoney.app */;
			productType = "com.apple.product-type.application";
		};
/* End PBXNativeTarget section */

/* Begin PBXProject section */
		ED44B50425C311AB002DC52D /* Project object */ = {
			isa = PBXProject;
			attributes = {
				LastSwiftUpdateCheck = 1220;
				LastUpgradeCheck = 1220;
				TargetAttributes = {
					ED44B50B25C311AB002DC52D = {
						CreatedOnToolsVersion = 12.2;
					};
				};
			};
			buildConfigurationList = ED44B50725C311AB002DC52D /* Build configuration list for PBXProject "MyMoney" */;
			compatibilityVersion = "Xcode 9.3";
			developmentRegion = en;
			hasScannedForEncodings = 0;
			knownRegions = (
				en,
				Base,
			);
			mainGroup = ED44B50325C311AB002DC52D;
			packageReferences = (
				EDD14A5D25C73A9100E19788 /* XCRemoteSwiftPackageReference "ChartView" */,
			);
			productRefGroup = ED44B50D25C311AB002DC52D /* Products */;
			projectDirPath = "";
			projectRoot = "";
			targets = (
				ED44B50B25C311AB002DC52D /* MyMoney */,
			);
		};
/* End PBXProject section */

/* Begin PBXResourcesBuildPhase section */
		ED44B50A25C311AB002DC52D /* Resources */ = {
			isa = PBXResourcesBuildPhase;
			buildActionMask = 2147483647;
			files = (
				ED44B51725C311AE002DC52D /* Preview Assets.xcassets in Resources */,
				ED44B51425C311AE002DC52D /* Assets.xcassets in Resources */,
			);
			runOnlyForDeploymentPostprocessing = 0;
		};
/* End PBXResourcesBuildPhase section */

/* Begin PBXSourcesBuildPhase section */
		ED44B50825C311AB002DC52D /* Sources */ = {
			isa = PBXSourcesBuildPhase;
			buildActionMask = 2147483647;
			files = (
				EDD14A6825C860E300E19788 /* InfoGraphs.swift in Sources */,
				EDD14A4C25C46AEF00E19788 /* LatestTransactions.swift in Sources */,
				EDD14A6525C748C700E19788 /* ma.swift in Sources */,
				EDD14A4925C461C800E19788 /* InformationBlocks.swift in Sources */,
				EDD14A5325C475AC00E19788 /* NewCardSheet.swift in Sources */,
				EDF622B525C315620023CAF7 /* Cards.swift in Sources */,
				ED44B51225C311AB002DC52D /* ContentView.swift in Sources */,
				EDF622B225C3147D0023CAF7 /* Wallet1_Obs.swift in Sources */,
				EDF622AF25C3139B0023CAF7 /* Controls.swift in Sources */,
				EDD14A6225C7449400E19788 /* gr.swift in Sources */,
				ED44B51025C311AB002DC52D /* MyMoneyApp.swift in Sources */,
				EDF622BB25C318A80023CAF7 /* MainPage.swift in Sources */,
				EDF622B825C317200023CAF7 /* SheetAddCard.swift in Sources */,
				EDF622BE25C31F330023CAF7 /* Utils.swift in Sources */,
				EDD14A5625C4959800E19788 /* NewTransactionSheet.swift in Sources */,
				EDF622C225C341610023CAF7 /* prova.swift in Sources */,
				EDD14A5B25C739C600E19788 /* grafico.swift in Sources */,
			);
			runOnlyForDeploymentPostprocessing = 0;
		};
/* End PBXSourcesBuildPhase section */

/* Begin XCBuildConfiguration section */
		ED44B51925C311AE002DC52D /* Debug */ = {
			isa = XCBuildConfiguration;
			buildSettings = {
				ALWAYS_SEARCH_USER_PATHS = NO;
				CLANG_ANALYZER_NONNULL = YES;
				CLANG_ANALYZER_NUMBER_OBJECT_CONVERSION = YES_AGGRESSIVE;
				CLANG_CXX_LANGUAGE_STANDARD = "gnu++14";
				CLANG_CXX_LIBRARY = "libc++";
				CLANG_ENABLE_MODULES = YES;
				CLANG_ENABLE_OBJC_ARC = YES;
				CLANG_ENABLE_OBJC_WEAK = YES;
				CLANG_WARN_BLOCK_CAPTURE_AUTORELEASING = YES;
				CLANG_WARN_BOOL_CONVERSION = YES;
				CLANG_WARN_COMMA = YES;
				CLANG_WARN_CONSTANT_CONVERSION = YES;
				CLANG_WARN_DEPRECATED_OBJC_IMPLEMENTATIONS = YES;
				CLANG_WARN_DIRECT_OBJC_ISA_USAGE = YES_ERROR;
				CLANG_WARN_DOCUMENTATION_COMMENTS = YES;
				CLANG_WARN_EMPTY_BODY = YES;
				CLANG_WARN_ENUM_CONVERSION = YES;
				CLANG_WARN_INFINITE_RECURSION = YES;
				CLANG_WARN_INT_CONVERSION = YES;
				CLANG_WARN_NON_LITERAL_NULL_CONVERSION = YES;
				CLANG_WARN_OBJC_IMPLICIT_RETAIN_SELF = YES;
				CLANG_WARN_OBJC_LITERAL_CONVERSION = YES;
				CLANG_WARN_OBJC_ROOT_CLASS = YES_ERROR;
				CLANG_WARN_QUOTED_INCLUDE_IN_FRAMEWORK_HEADER = YES;
				CLANG_WARN_RANGE_LOOP_ANALYSIS = YES;
				CLANG_WARN_STRICT_PROTOTYPES = YES;
				CLANG_WARN_SUSPICIOUS_MOVE = YES;
				CLANG_WARN_UNGUARDED_AVAILABILITY = YES_AGGRESSIVE;
				CLANG_WARN_UNREACHABLE_CODE = YES;
				CLANG_WARN__DUPLICATE_METHOD_MATCH = YES;
				COPY_PHASE_STRIP = NO;
				DEBUG_INFORMATION_FORMAT = dwarf;
				ENABLE_STRICT_OBJC_MSGSEND = YES;
				ENABLE_TESTABILITY = YES;
				GCC_C_LANGUAGE_STANDARD = gnu11;
				GCC_DYNAMIC_NO_PIC = NO;
				GCC_NO_COMMON_BLOCKS = YES;
				GCC_OPTIMIZATION_LEVEL = 0;
				GCC_PREPROCESSOR_DEFINITIONS = (
					"DEBUG=1",
					"$(inherited)",
				);
				GCC_WARN_64_TO_32_BIT_CONVERSION = YES;
				GCC_WARN_ABOUT_RETURN_TYPE = YES_ERROR;
				GCC_WARN_UNDECLARED_SELECTOR = YES;
				GCC_WARN_UNINITIALIZED_AUTOS = YES_AGGRESSIVE;
				GCC_WARN_UNUSED_FUNCTION = YES;
				GCC_WARN_UNUSED_VARIABLE = YES;
				IPHONEOS_DEPLOYMENT_TARGET = 14.2;
				MTL_ENABLE_DEBUG_INFO = INCLUDE_SOURCE;
				MTL_FAST_MATH = YES;
				ONLY_ACTIVE_ARCH = YES;
				SDKROOT = iphoneos;
				SWIFT_ACTIVE_COMPILATION_CONDITIONS = DEBUG;
				SWIFT_OPTIMIZATION_LEVEL = "-Onone";
			};
			name = Debug;
		};
		ED44B51A25C311AE002DC52D /* Release */ = {
			isa = XCBuildConfiguration;
			buildSettings = {
				ALWAYS_SEARCH_USER_PATHS = NO;
				CLANG_ANALYZER_NONNULL = YES;
				CLANG_ANALYZER_NUMBER_OBJECT_CONVERSION = YES_AGGRESSIVE;
				CLANG_CXX_LANGUAGE_STANDARD = "gnu++14";
				CLANG_CXX_LIBRARY = "libc++";
				CLANG_ENABLE_MODULES = YES;
				CLANG_ENABLE_OBJC_ARC = YES;
				CLANG_ENABLE_OBJC_WEAK = YES;
				CLANG_WARN_BLOCK_CAPTURE_AUTORELEASING = YES;
				CLANG_WARN_BOOL_CONVERSION = YES;
				CLANG_WARN_COMMA = YES;
				CLANG_WARN_CONSTANT_CONVERSION = YES;
				CLANG_WARN_DEPRECATED_OBJC_IMPLEMENTATIONS = YES;
				CLANG_WARN_DIRECT_OBJC_ISA_USAGE = YES_ERROR;
				CLANG_WARN_DOCUMENTATION_COMMENTS = YES;
				CLANG_WARN_EMPTY_BODY = YES;
				CLANG_WARN_ENUM_CONVERSION = YES;
				CLANG_WARN_INFINITE_RECURSION = YES;
				CLANG_WARN_INT_CONVERSION = YES;
				CLANG_WARN_NON_LITERAL_NULL_CONVERSION = YES;
				CLANG_WARN_OBJC_IMPLICIT_RETAIN_SELF = YES;
				CLANG_WARN_OBJC_LITERAL_CONVERSION = YES;
				CLANG_WARN_OBJC_ROOT_CLASS = YES_ERROR;
				CLANG_WARN_QUOTED_INCLUDE_IN_FRAMEWORK_HEADER = YES;
				CLANG_WARN_RANGE_LOOP_ANALYSIS = YES;
				CLANG_WARN_STRICT_PROTOTYPES = YES;
				CLANG_WARN_SUSPICIOUS_MOVE = YES;
				CLANG_WARN_UNGUARDED_AVAILABILITY = YES_AGGRESSIVE;
				CLANG_WARN_UNREACHABLE_CODE = YES;
				CLANG_WARN__DUPLICATE_METHOD_MATCH = YES;
				COPY_PHASE_STRIP = NO;
				DEBUG_INFORMATION_FORMAT = "dwarf-with-dsym";
				ENABLE_NS_ASSERTIONS = NO;
				ENABLE_STRICT_OBJC_MSGSEND = YES;
				GCC_C_LANGUAGE_STANDARD = gnu11;
				GCC_NO_COMMON_BLOCKS = YES;
				GCC_WARN_64_TO_32_BIT_CONVERSION = YES;
				GCC_WARN_ABOUT_RETURN_TYPE = YES_ERROR;
				GCC_WARN_UNDECLARED_SELECTOR = YES;
				GCC_WARN_UNINITIALIZED_AUTOS = YES_AGGRESSIVE;
				GCC_WARN_UNUSED_FUNCTION = YES;
				GCC_WARN_UNUSED_VARIABLE = YES;
				IPHONEOS_DEPLOYMENT_TARGET = 14.2;
				MTL_ENABLE_DEBUG_INFO = NO;
				MTL_FAST_MATH = YES;
				SDKROOT = iphoneos;
				SWIFT_COMPILATION_MODE = wholemodule;
				SWIFT_OPTIMIZATION_LEVEL = "-O";
				VALIDATE_PRODUCT = YES;
			};
			name = Release;
		};
		ED44B51C25C311AE002DC52D /* Debug */ = {
			isa = XCBuildConfiguration;
			buildSettings = {
				ASSETCATALOG_COMPILER_APPICON_NAME = AppIcon;
				ASSETCATALOG_COMPILER_GLOBAL_ACCENT_COLOR_NAME = AccentColor;
				CODE_SIGN_STYLE = Automatic;
				DEVELOPMENT_ASSET_PATHS = "\"MyMoney/Preview Content\"";
				DEVELOPMENT_TEAM = S35LF6DFXC;
				ENABLE_PREVIEWS = YES;
				INFOPLIST_FILE = MyMoney/Info.plist;
				IPHONEOS_DEPLOYMENT_TARGET = 14.0;
				LD_RUNPATH_SEARCH_PATHS = (
					"$(inherited)",
					"@executable_path/Frameworks",
				);
				PRODUCT_BUNDLE_IDENTIFIER = com.deluca.MyMoney;
				PRODUCT_NAME = "$(TARGET_NAME)";
				SWIFT_VERSION = 5.0;
				TARGETED_DEVICE_FAMILY = "1,2";
			};
			name = Debug;
		};
		ED44B51D25C311AE002DC52D /* Release */ = {
			isa = XCBuildConfiguration;
			buildSettings = {
				ASSETCATALOG_COMPILER_APPICON_NAME = AppIcon;
				ASSETCATALOG_COMPILER_GLOBAL_ACCENT_COLOR_NAME = AccentColor;
				CODE_SIGN_STYLE = Automatic;
				DEVELOPMENT_ASSET_PATHS = "\"MyMoney/Preview Content\"";
				DEVELOPMENT_TEAM = S35LF6DFXC;
				ENABLE_PREVIEWS = YES;
				INFOPLIST_FILE = MyMoney/Info.plist;
				IPHONEOS_DEPLOYMENT_TARGET = 14.0;
				LD_RUNPATH_SEARCH_PATHS = (
					"$(inherited)",
					"@executable_path/Frameworks",
				);
				PRODUCT_BUNDLE_IDENTIFIER = com.deluca.MyMoney;
				PRODUCT_NAME = "$(TARGET_NAME)";
				SWIFT_VERSION = 5.0;
				TARGETED_DEVICE_FAMILY = "1,2";
			};
			name = Release;
		};
/* End XCBuildConfiguration section */

/* Begin XCConfigurationList section */
		ED44B50725C311AB002DC52D /* Build configuration list for PBXProject "MyMoney" */ = {
			isa = XCConfigurationList;
			buildConfigurations = (
				ED44B51925C311AE002DC52D /* Debug */,
				ED44B51A25C311AE002DC52D /* Release */,
			);
			defaultConfigurationIsVisible = 0;
			defaultConfigurationName = Release;
		};
		ED44B51B25C311AE002DC52D /* Build configuration list for PBXNativeTarget "MyMoney" */ = {
			isa = XCConfigurationList;
			buildConfigurations = (
				ED44B51C25C311AE002DC52D /* Debug */,
				ED44B51D25C311AE002DC52D /* Release */,
			);
			defaultConfigurationIsVisible = 0;
			defaultConfigurationName = Release;
		};
/* End XCConfigurationList section */

/* Begin XCRemoteSwiftPackageReference section */
		EDD14A5D25C73A9100E19788 /* XCRemoteSwiftPackageReference "ChartView" */ = {
			isa = XCRemoteSwiftPackageReference;
			repositoryURL = "https://github.com/AppPear/ChartView";
			requirement = {
				kind = upToNextMajorVersion;
				minimumVersion = 1.5.4;
			};
		};
/* End XCRemoteSwiftPackageReference section */

/* Begin XCSwiftPackageProductDependency section */
		EDD14A5E25C73A9100E19788 /* SwiftUICharts */ = {
			isa = XCSwiftPackageProductDependency;
			package = EDD14A5D25C73A9100E19788 /* XCRemoteSwiftPackageReference "ChartView" */;
			productName = SwiftUICharts;
		};
/* End XCSwiftPackageProductDependency section */
	};
	rootObject = ED44B50425C311AB002DC52D /* Project object */;
}
